// !$*UTF8*$!
{
	archiveVersion = 1;
	classes = {
	};
	objectVersion = 50;
	objects = {

/* Begin PBXBuildFile section */
		0F027C9E24B56C4B0041A30B /* AppDelegate.swift in Sources */ = {isa = PBXBuildFile; fileRef = 0F027C9D24B56C4B0041A30B /* AppDelegate.swift */; };
		0F027CA224B56C4B0041A30B /* ViewController.swift in Sources */ = {isa = PBXBuildFile; fileRef = 0F027CA124B56C4B0041A30B /* ViewController.swift */; };
		0F027CA524B56C4B0041A30B /* Main.storyboard in Resources */ = {isa = PBXBuildFile; fileRef = 0F027CA324B56C4B0041A30B /* Main.storyboard */; };
		0F027CA724B56C500041A30B /* Assets.xcassets in Resources */ = {isa = PBXBuildFile; fileRef = 0F027CA624B56C500041A30B /* Assets.xcassets */; };
		0F027CAA24B56C500041A30B /* LaunchScreen.storyboard in Resources */ = {isa = PBXBuildFile; fileRef = 0F027CA824B56C500041A30B /* LaunchScreen.storyboard */; };
		0F027CB524B56C500041A30B /* AyayaUtilTestTests.swift in Sources */ = {isa = PBXBuildFile; fileRef = 0F027CB424B56C500041A30B /* AyayaUtilTestTests.swift */; };
		0F027CC024B56C510041A30B /* AyayaUtilTestUITests.swift in Sources */ = {isa = PBXBuildFile; fileRef = 0F027CBF24B56C510041A30B /* AyayaUtilTestUITests.swift */; };
		0F027CCC24B56CC40041A30B /* AyayaUtil.framework in Frameworks */ = {isa = PBXBuildFile; fileRef = 0FF021722419DD11002A6799 /* AyayaUtil.framework */; };
		0F027CCD24B56CC40041A30B /* AyayaUtil.framework in Embed Frameworks */ = {isa = PBXBuildFile; fileRef = 0FF021722419DD11002A6799 /* AyayaUtil.framework */; settings = {ATTRIBUTES = (CodeSignOnCopy, RemoveHeadersOnCopy, ); }; };
		0FF0217C2419DD12002A6799 /* AyayaUtil.framework in Frameworks */ = {isa = PBXBuildFile; fileRef = 0FF021722419DD11002A6799 /* AyayaUtil.framework */; };
		0FF021812419DD12002A6799 /* AyayaUtilTests.swift in Sources */ = {isa = PBXBuildFile; fileRef = 0FF021802419DD12002A6799 /* AyayaUtilTests.swift */; };
		0FF021832419DD12002A6799 /* AyayaUtil.h in Headers */ = {isa = PBXBuildFile; fileRef = 0FF021752419DD11002A6799 /* AyayaUtil.h */; settings = {ATTRIBUTES = (Public, ); }; };
		0FF021972419E84B002A6799 /* SlideViewController.swift in Sources */ = {isa = PBXBuildFile; fileRef = 0FF021962419E84B002A6799 /* SlideViewController.swift */; };
		0FF0219A2419E8ED002A6799 /* AlertUtil.swift in Sources */ = {isa = PBXBuildFile; fileRef = 0FF021992419E8ED002A6799 /* AlertUtil.swift */; };
		0FF021A02419EA09002A6799 /* LAPolicyUtil.swift in Sources */ = {isa = PBXBuildFile; fileRef = 0FF0219F2419EA09002A6799 /* LAPolicyUtil.swift */; };
		0FF021A32419EAE2002A6799 /* MyTextFile.swift in Sources */ = {isa = PBXBuildFile; fileRef = 0FF021A22419EAE2002A6799 /* MyTextFile.swift */; };
		0FF021A62419EB2E002A6799 /* String+Extension.swift in Sources */ = {isa = PBXBuildFile; fileRef = 0FF021A52419EB2E002A6799 /* String+Extension.swift */; };
		0FF021A9241A0765002A6799 /* UIView+Extension.swift in Sources */ = {isa = PBXBuildFile; fileRef = 0FF021A8241A0765002A6799 /* UIView+Extension.swift */; };
		0FF021AC241A0857002A6799 /* NSObject+Extesion.swift in Sources */ = {isa = PBXBuildFile; fileRef = 0FF021AB241A0857002A6799 /* NSObject+Extesion.swift */; };
		0FF021AF241A096A002A6799 /* NSDate+Extension.swift in Sources */ = {isa = PBXBuildFile; fileRef = 0FF021AE241A096A002A6799 /* NSDate+Extension.swift */; };
		0FF021B9241A0C54002A6799 /* FileUtil.swift in Sources */ = {isa = PBXBuildFile; fileRef = 0FF021B8241A0C54002A6799 /* FileUtil.swift */; };
		0FF021BC241A1597002A6799 /* NSMutableDictionary+Extension.swift in Sources */ = {isa = PBXBuildFile; fileRef = 0FF021BB241A1597002A6799 /* NSMutableDictionary+Extension.swift */; };
		0FF021BE241A15BD002A6799 /* MyLabel.swift in Sources */ = {isa = PBXBuildFile; fileRef = 0FF021BD241A15BD002A6799 /* MyLabel.swift */; };
		0FF021C1241A1732002A6799 /* UIButton+Extesion.swift in Sources */ = {isa = PBXBuildFile; fileRef = 0FF021C0241A1732002A6799 /* UIButton+Extesion.swift */; };
		0FF021C4241A17E8002A6799 /* SwizzedProto.swift in Sources */ = {isa = PBXBuildFile; fileRef = 0FF021C3241A17E8002A6799 /* SwizzedProto.swift */; };
		0FF021C7241A187C002A6799 /* KeychainManager.swift in Sources */ = {isa = PBXBuildFile; fileRef = 0FF021C6241A187C002A6799 /* KeychainManager.swift */; };
		0FF021CB241A1B17002A6799 /* ZHFCalendarView.swift in Sources */ = {isa = PBXBuildFile; fileRef = 0FF021C8241A1B17002A6799 /* ZHFCalendarView.swift */; };
		0FF021CC241A1B17002A6799 /* ZHFColor.swift in Sources */ = {isa = PBXBuildFile; fileRef = 0FF021CA241A1B17002A6799 /* ZHFColor.swift */; };
		0FF021CD241A1B17002A6799 /* UpDownView.swift in Sources */ = {isa = PBXBuildFile; fileRef = 0FF021C9241A1B17002A6799 /* UpDownView.swift */; };
/* End PBXBuildFile section */

/* Begin PBXContainerItemProxy section */
		0F027CB124B56C500041A30B /* PBXContainerItemProxy */ = {
			isa = PBXContainerItemProxy;
			containerPortal = 0FF021692419DD11002A6799 /* Project object */;
			proxyType = 1;
			remoteGlobalIDString = 0F027C9A24B56C4B0041A30B;
			remoteInfo = AyayaUtilTest;
		};
		0F027CBC24B56C500041A30B /* PBXContainerItemProxy */ = {
			isa = PBXContainerItemProxy;
			containerPortal = 0FF021692419DD11002A6799 /* Project object */;
			proxyType = 1;
			remoteGlobalIDString = 0F027C9A24B56C4B0041A30B;
			remoteInfo = AyayaUtilTest;
		};
		0F027CCE24B56CC40041A30B /* PBXContainerItemProxy */ = {
			isa = PBXContainerItemProxy;
			containerPortal = 0FF021692419DD11002A6799 /* Project object */;
			proxyType = 1;
			remoteGlobalIDString = 0FF021712419DD11002A6799;
			remoteInfo = AyayaUtil;
		};
		0FF0217D2419DD12002A6799 /* PBXContainerItemProxy */ = {
			isa = PBXContainerItemProxy;
			containerPortal = 0FF021692419DD11002A6799 /* Project object */;
			proxyType = 1;
			remoteGlobalIDString = 0FF021712419DD11002A6799;
			remoteInfo = AyayaUtil;
		};
/* End PBXContainerItemProxy section */

/* Begin PBXCopyFilesBuildPhase section */
		0F027CD024B56CC40041A30B /* Embed Frameworks */ = {
			isa = PBXCopyFilesBuildPhase;
			buildActionMask = 2147483647;
			dstPath = "";
			dstSubfolderSpec = 10;
			files = (
				0F027CCD24B56CC40041A30B /* AyayaUtil.framework in Embed Frameworks */,
			);
			name = "Embed Frameworks";
			runOnlyForDeploymentPostprocessing = 0;
		};
/* End PBXCopyFilesBuildPhase section */

/* Begin PBXFileReference section */
		0F027C9B24B56C4B0041A30B /* AyayaUtilTest.app */ = {isa = PBXFileReference; explicitFileType = wrapper.application; includeInIndex = 0; path = AyayaUtilTest.app; sourceTree = BUILT_PRODUCTS_DIR; };
		0F027C9D24B56C4B0041A30B /* AppDelegate.swift */ = {isa = PBXFileReference; lastKnownFileType = sourcecode.swift; path = AppDelegate.swift; sourceTree = "<group>"; };
		0F027CA124B56C4B0041A30B /* ViewController.swift */ = {isa = PBXFileReference; lastKnownFileType = sourcecode.swift; path = ViewController.swift; sourceTree = "<group>"; };
		0F027CA424B56C4B0041A30B /* Base */ = {isa = PBXFileReference; lastKnownFileType = file.storyboard; name = Base; path = Base.lproj/Main.storyboard; sourceTree = "<group>"; };
		0F027CA624B56C500041A30B /* Assets.xcassets */ = {isa = PBXFileReference; lastKnownFileType = folder.assetcatalog; path = Assets.xcassets; sourceTree = "<group>"; };
		0F027CA924B56C500041A30B /* Base */ = {isa = PBXFileReference; lastKnownFileType = file.storyboard; name = Base; path = Base.lproj/LaunchScreen.storyboard; sourceTree = "<group>"; };
		0F027CAB24B56C500041A30B /* Info.plist */ = {isa = PBXFileReference; lastKnownFileType = text.plist.xml; path = Info.plist; sourceTree = "<group>"; };
		0F027CB024B56C500041A30B /* AyayaUtilTestTests.xctest */ = {isa = PBXFileReference; explicitFileType = wrapper.cfbundle; includeInIndex = 0; path = AyayaUtilTestTests.xctest; sourceTree = BUILT_PRODUCTS_DIR; };
		0F027CB424B56C500041A30B /* AyayaUtilTestTests.swift */ = {isa = PBXFileReference; lastKnownFileType = sourcecode.swift; path = AyayaUtilTestTests.swift; sourceTree = "<group>"; };
		0F027CB624B56C500041A30B /* Info.plist */ = {isa = PBXFileReference; lastKnownFileType = text.plist.xml; path = Info.plist; sourceTree = "<group>"; };
		0F027CBB24B56C500041A30B /* AyayaUtilTestUITests.xctest */ = {isa = PBXFileReference; explicitFileType = wrapper.cfbundle; includeInIndex = 0; path = AyayaUtilTestUITests.xctest; sourceTree = BUILT_PRODUCTS_DIR; };
		0F027CBF24B56C510041A30B /* AyayaUtilTestUITests.swift */ = {isa = PBXFileReference; lastKnownFileType = sourcecode.swift; path = AyayaUtilTestUITests.swift; sourceTree = "<group>"; };
		0F027CC124B56C510041A30B /* Info.plist */ = {isa = PBXFileReference; lastKnownFileType = text.plist.xml; path = Info.plist; sourceTree = "<group>"; };
		0FF021722419DD11002A6799 /* AyayaUtil.framework */ = {isa = PBXFileReference; explicitFileType = wrapper.framework; includeInIndex = 0; path = AyayaUtil.framework; sourceTree = BUILT_PRODUCTS_DIR; };
		0FF021752419DD11002A6799 /* AyayaUtil.h */ = {isa = PBXFileReference; lastKnownFileType = sourcecode.c.h; path = AyayaUtil.h; sourceTree = "<group>"; };
		0FF021762419DD11002A6799 /* Info.plist */ = {isa = PBXFileReference; lastKnownFileType = text.plist.xml; path = Info.plist; sourceTree = "<group>"; };
		0FF0217B2419DD12002A6799 /* AyayaUtilTests.xctest */ = {isa = PBXFileReference; explicitFileType = wrapper.cfbundle; includeInIndex = 0; path = AyayaUtilTests.xctest; sourceTree = BUILT_PRODUCTS_DIR; };
		0FF021802419DD12002A6799 /* AyayaUtilTests.swift */ = {isa = PBXFileReference; lastKnownFileType = sourcecode.swift; path = AyayaUtilTests.swift; sourceTree = "<group>"; };
		0FF021822419DD12002A6799 /* Info.plist */ = {isa = PBXFileReference; lastKnownFileType = text.plist.xml; path = Info.plist; sourceTree = "<group>"; };
		0FF021962419E84B002A6799 /* SlideViewController.swift */ = {isa = PBXFileReference; fileEncoding = 4; lastKnownFileType = sourcecode.swift; path = SlideViewController.swift; sourceTree = "<group>"; };
		0FF021992419E8ED002A6799 /* AlertUtil.swift */ = {isa = PBXFileReference; fileEncoding = 4; lastKnownFileType = sourcecode.swift; path = AlertUtil.swift; sourceTree = "<group>"; };
		0FF0219F2419EA09002A6799 /* LAPolicyUtil.swift */ = {isa = PBXFileReference; fileEncoding = 4; lastKnownFileType = sourcecode.swift; path = LAPolicyUtil.swift; sourceTree = "<group>"; };
		0FF021A22419EAE2002A6799 /* MyTextFile.swift */ = {isa = PBXFileReference; fileEncoding = 4; lastKnownFileType = sourcecode.swift; path = MyTextFile.swift; sourceTree = "<group>"; };
		0FF021A52419EB2E002A6799 /* String+Extension.swift */ = {isa = PBXFileReference; fileEncoding = 4; lastKnownFileType = sourcecode.swift; path = "String+Extension.swift"; sourceTree = "<group>"; };
		0FF021A8241A0765002A6799 /* UIView+Extension.swift */ = {isa = PBXFileReference; fileEncoding = 4; lastKnownFileType = sourcecode.swift; path = "UIView+Extension.swift"; sourceTree = "<group>"; };
		0FF021AB241A0857002A6799 /* NSObject+Extesion.swift */ = {isa = PBXFileReference; fileEncoding = 4; lastKnownFileType = sourcecode.swift; path = "NSObject+Extesion.swift"; sourceTree = "<group>"; };
		0FF021AE241A096A002A6799 /* NSDate+Extension.swift */ = {isa = PBXFileReference; fileEncoding = 4; lastKnownFileType = sourcecode.swift; path = "NSDate+Extension.swift"; sourceTree = "<group>"; };
		0FF021B8241A0C54002A6799 /* FileUtil.swift */ = {isa = PBXFileReference; fileEncoding = 4; lastKnownFileType = sourcecode.swift; path = FileUtil.swift; sourceTree = "<group>"; };
		0FF021BB241A1597002A6799 /* NSMutableDictionary+Extension.swift */ = {isa = PBXFileReference; fileEncoding = 4; lastKnownFileType = sourcecode.swift; path = "NSMutableDictionary+Extension.swift"; sourceTree = "<group>"; };
		0FF021BD241A15BD002A6799 /* MyLabel.swift */ = {isa = PBXFileReference; fileEncoding = 4; lastKnownFileType = sourcecode.swift; path = MyLabel.swift; sourceTree = "<group>"; };
		0FF021C0241A1732002A6799 /* UIButton+Extesion.swift */ = {isa = PBXFileReference; fileEncoding = 4; lastKnownFileType = sourcecode.swift; path = "UIButton+Extesion.swift"; sourceTree = "<group>"; };
		0FF021C3241A17E8002A6799 /* SwizzedProto.swift */ = {isa = PBXFileReference; fileEncoding = 4; lastKnownFileType = sourcecode.swift; path = SwizzedProto.swift; sourceTree = "<group>"; };
		0FF021C6241A187C002A6799 /* KeychainManager.swift */ = {isa = PBXFileReference; fileEncoding = 4; lastKnownFileType = sourcecode.swift; path = KeychainManager.swift; sourceTree = "<group>"; };
		0FF021C8241A1B17002A6799 /* ZHFCalendarView.swift */ = {isa = PBXFileReference; lastKnownFileType = sourcecode.swift; path = ZHFCalendarView.swift; sourceTree = "<group>"; };
		0FF021C9241A1B17002A6799 /* UpDownView.swift */ = {isa = PBXFileReference; lastKnownFileType = sourcecode.swift; path = UpDownView.swift; sourceTree = "<group>"; };
		0FF021CA241A1B17002A6799 /* ZHFColor.swift */ = {isa = PBXFileReference; lastKnownFileType = sourcecode.swift; path = ZHFColor.swift; sourceTree = "<group>"; };
/* End PBXFileReference section */

/* Begin PBXFrameworksBuildPhase section */
		0F027C9824B56C4B0041A30B /* Frameworks */ = {
			isa = PBXFrameworksBuildPhase;
			buildActionMask = 2147483647;
			files = (
				0F027CCC24B56CC40041A30B /* AyayaUtil.framework in Frameworks */,
			);
			runOnlyForDeploymentPostprocessing = 0;
		};
		0F027CAD24B56C500041A30B /* Frameworks */ = {
			isa = PBXFrameworksBuildPhase;
			buildActionMask = 2147483647;
			files = (
			);
			runOnlyForDeploymentPostprocessing = 0;
		};
		0F027CB824B56C500041A30B /* Frameworks */ = {
			isa = PBXFrameworksBuildPhase;
			buildActionMask = 2147483647;
			files = (
			);
			runOnlyForDeploymentPostprocessing = 0;
		};
		0FF0216F2419DD11002A6799 /* Frameworks */ = {
			isa = PBXFrameworksBuildPhase;
			buildActionMask = 2147483647;
			files = (
			);
			runOnlyForDeploymentPostprocessing = 0;
		};
		0FF021782419DD12002A6799 /* Frameworks */ = {
			isa = PBXFrameworksBuildPhase;
			buildActionMask = 2147483647;
			files = (
				0FF0217C2419DD12002A6799 /* AyayaUtil.framework in Frameworks */,
			);
			runOnlyForDeploymentPostprocessing = 0;
		};
/* End PBXFrameworksBuildPhase section */

/* Begin PBXGroup section */
		0F027C9C24B56C4B0041A30B /* AyayaUtilTest */ = {
			isa = PBXGroup;
			children = (
				0F027C9D24B56C4B0041A30B /* AppDelegate.swift */,
				0F027CA124B56C4B0041A30B /* ViewController.swift */,
				0F027CA324B56C4B0041A30B /* Main.storyboard */,
				0F027CA624B56C500041A30B /* Assets.xcassets */,
				0F027CA824B56C500041A30B /* LaunchScreen.storyboard */,
				0F027CAB24B56C500041A30B /* Info.plist */,
			);
			path = AyayaUtilTest;
			sourceTree = "<group>";
		};
		0F027CB324B56C500041A30B /* AyayaUtilTestTests */ = {
			isa = PBXGroup;
			children = (
				0F027CB424B56C500041A30B /* AyayaUtilTestTests.swift */,
				0F027CB624B56C500041A30B /* Info.plist */,
			);
			path = AyayaUtilTestTests;
			sourceTree = "<group>";
		};
		0F027CBE24B56C510041A30B /* AyayaUtilTestUITests */ = {
			isa = PBXGroup;
			children = (
				0F027CBF24B56C510041A30B /* AyayaUtilTestUITests.swift */,
				0F027CC124B56C510041A30B /* Info.plist */,
			);
			path = AyayaUtilTestUITests;
			sourceTree = "<group>";
		};
		0F027CCB24B56CC40041A30B /* Frameworks */ = {
			isa = PBXGroup;
			children = (
			);
			name = Frameworks;
			sourceTree = "<group>";
		};
		0FF021682419DD11002A6799 = {
			isa = PBXGroup;
			children = (
				0FF021742419DD11002A6799 /* AyayaUtil */,
				0FF0217F2419DD12002A6799 /* AyayaUtilTests */,
				0F027C9C24B56C4B0041A30B /* AyayaUtilTest */,
				0F027CB324B56C500041A30B /* AyayaUtilTestTests */,
				0F027CBE24B56C510041A30B /* AyayaUtilTestUITests */,
				0FF021732419DD11002A6799 /* Products */,
				0F027CCB24B56CC40041A30B /* Frameworks */,
			);
			sourceTree = "<group>";
		};
		0FF021732419DD11002A6799 /* Products */ = {
			isa = PBXGroup;
			children = (
				0FF021722419DD11002A6799 /* AyayaUtil.framework */,
				0FF0217B2419DD12002A6799 /* AyayaUtilTests.xctest */,
				0F027C9B24B56C4B0041A30B /* AyayaUtilTest.app */,
				0F027CB024B56C500041A30B /* AyayaUtilTestTests.xctest */,
				0F027CBB24B56C500041A30B /* AyayaUtilTestUITests.xctest */,
			);
			name = Products;
			sourceTree = "<group>";
		};
		0FF021742419DD11002A6799 /* AyayaUtil */ = {
			isa = PBXGroup;
			children = (
				0FF021C5241A186C002A6799 /* 钥匙串 */,
				0FF021C2241A17DB002A6799 /* runtime方法交换 */,
				0FF021BF241A1728002A6799 /* 按钮扩展 */,
				0FF021BA241A158E002A6799 /* 其他 */,
				0FF021B7241A0C47002A6799 /* 文件相关 */,
				0FF021AD241A0960002A6799 /* 日期扩展 */,
				0FF021AA241A0842002A6799 /* NSObject扩展 */,
				0FF021A7241A0752002A6799 /* View扩展 */,
				0FF021A42419EB22002A6799 /* 字符串扩展 */,
				0FF021A12419EAD6002A6799 /* 输入框 */,
				0FF0219E2419E9F7002A6799 /* 指纹面部识别 */,
				0FF021982419E8E2002A6799 /* 弹窗 */,
				0FF021952419E83B002A6799 /* 测滑 */,
				0FF021752419DD11002A6799 /* AyayaUtil.h */,
				0FF021762419DD11002A6799 /* Info.plist */,
			);
			path = AyayaUtil;
			sourceTree = "<group>";
		};
		0FF0217F2419DD12002A6799 /* AyayaUtilTests */ = {
			isa = PBXGroup;
			children = (
				0FF021802419DD12002A6799 /* AyayaUtilTests.swift */,
				0FF021822419DD12002A6799 /* Info.plist */,
			);
			path = AyayaUtilTests;
			sourceTree = "<group>";
		};
		0FF021952419E83B002A6799 /* 测滑 */ = {
			isa = PBXGroup;
			children = (
				0FF021962419E84B002A6799 /* SlideViewController.swift */,
			);
			path = "测滑";
			sourceTree = "<group>";
		};
		0FF021982419E8E2002A6799 /* 弹窗 */ = {
			isa = PBXGroup;
			children = (
				0FF021992419E8ED002A6799 /* AlertUtil.swift */,
			);
			path = "弹窗";
			sourceTree = "<group>";
		};
		0FF0219E2419E9F7002A6799 /* 指纹面部识别 */ = {
			isa = PBXGroup;
			children = (
				0FF0219F2419EA09002A6799 /* LAPolicyUtil.swift */,
			);
			path = "指纹面部识别";
			sourceTree = "<group>";
		};
		0FF021A12419EAD6002A6799 /* 输入框 */ = {
			isa = PBXGroup;
			children = (
				0FF021A22419EAE2002A6799 /* MyTextFile.swift */,
			);
			path = "输入框";
			sourceTree = "<group>";
		};
		0FF021A42419EB22002A6799 /* 字符串扩展 */ = {
			isa = PBXGroup;
			children = (
				0FF021A52419EB2E002A6799 /* String+Extension.swift */,
			);
			path = "字符串扩展";
			sourceTree = "<group>";
		};
		0FF021A7241A0752002A6799 /* View扩展 */ = {
			isa = PBXGroup;
			children = (
				0FF021A8241A0765002A6799 /* UIView+Extension.swift */,
			);
			path = "View扩展";
			sourceTree = "<group>";
		};
		0FF021AA241A0842002A6799 /* NSObject扩展 */ = {
			isa = PBXGroup;
			children = (
				0FF021AB241A0857002A6799 /* NSObject+Extesion.swift */,
			);
			path = "NSObject扩展";
			sourceTree = "<group>";
		};
		0FF021AD241A0960002A6799 /* 日期扩展 */ = {
			isa = PBXGroup;
			children = (
				0FF021AE241A096A002A6799 /* NSDate+Extension.swift */,
				0FF021C8241A1B17002A6799 /* ZHFCalendarView.swift */,
				0FF021C9241A1B17002A6799 /* UpDownView.swift */,
				0FF021CA241A1B17002A6799 /* ZHFColor.swift */,
			);
			path = "日期扩展";
			sourceTree = "<group>";
		};
		0FF021B7241A0C47002A6799 /* 文件相关 */ = {
			isa = PBXGroup;
			children = (
				0FF021B8241A0C54002A6799 /* FileUtil.swift */,
			);
			path = "文件相关";
			sourceTree = "<group>";
		};
		0FF021BA241A158E002A6799 /* 其他 */ = {
			isa = PBXGroup;
			children = (
				0FF021BB241A1597002A6799 /* NSMutableDictionary+Extension.swift */,
				0FF021BD241A15BD002A6799 /* MyLabel.swift */,
			);
			path = "其他";
			sourceTree = "<group>";
		};
		0FF021BF241A1728002A6799 /* 按钮扩展 */ = {
			isa = PBXGroup;
			children = (
				0FF021C0241A1732002A6799 /* UIButton+Extesion.swift */,
			);
			path = "按钮扩展";
			sourceTree = "<group>";
		};
		0FF021C2241A17DB002A6799 /* runtime方法交换 */ = {
			isa = PBXGroup;
			children = (
				0FF021C3241A17E8002A6799 /* SwizzedProto.swift */,
			);
			path = "runtime方法交换";
			sourceTree = "<group>";
		};
		0FF021C5241A186C002A6799 /* 钥匙串 */ = {
			isa = PBXGroup;
			children = (
				0FF021C6241A187C002A6799 /* KeychainManager.swift */,
			);
			path = "钥匙串";
			sourceTree = "<group>";
		};
/* End PBXGroup section */

/* Begin PBXHeadersBuildPhase section */
		0FF0216D2419DD11002A6799 /* Headers */ = {
			isa = PBXHeadersBuildPhase;
			buildActionMask = 2147483647;
			files = (
				0FF021832419DD12002A6799 /* AyayaUtil.h in Headers */,
			);
			runOnlyForDeploymentPostprocessing = 0;
		};
/* End PBXHeadersBuildPhase section */

/* Begin PBXNativeTarget section */
		0F027C9A24B56C4B0041A30B /* AyayaUtilTest */ = {
			isa = PBXNativeTarget;
			buildConfigurationList = 0F027CC824B56C510041A30B /* Build configuration list for PBXNativeTarget "AyayaUtilTest" */;
			buildPhases = (
				0F027C9724B56C4B0041A30B /* Sources */,
				0F027C9824B56C4B0041A30B /* Frameworks */,
				0F027C9924B56C4B0041A30B /* Resources */,
				0F027CD024B56CC40041A30B /* Embed Frameworks */,
			);
			buildRules = (
			);
			dependencies = (
				0F027CCF24B56CC40041A30B /* PBXTargetDependency */,
			);
			name = AyayaUtilTest;
			productName = AyayaUtilTest;
			productReference = 0F027C9B24B56C4B0041A30B /* AyayaUtilTest.app */;
			productType = "com.apple.product-type.application";
		};
		0F027CAF24B56C500041A30B /* AyayaUtilTestTests */ = {
			isa = PBXNativeTarget;
			buildConfigurationList = 0F027CC924B56C510041A30B /* Build configuration list for PBXNativeTarget "AyayaUtilTestTests" */;
			buildPhases = (
				0F027CAC24B56C500041A30B /* Sources */,
				0F027CAD24B56C500041A30B /* Frameworks */,
				0F027CAE24B56C500041A30B /* Resources */,
			);
			buildRules = (
			);
			dependencies = (
				0F027CB224B56C500041A30B /* PBXTargetDependency */,
			);
			name = AyayaUtilTestTests;
			productName = AyayaUtilTestTests;
			productReference = 0F027CB024B56C500041A30B /* AyayaUtilTestTests.xctest */;
			productType = "com.apple.product-type.bundle.unit-test";
		};
		0F027CBA24B56C500041A30B /* AyayaUtilTestUITests */ = {
			isa = PBXNativeTarget;
			buildConfigurationList = 0F027CCA24B56C510041A30B /* Build configuration list for PBXNativeTarget "AyayaUtilTestUITests" */;
			buildPhases = (
				0F027CB724B56C500041A30B /* Sources */,
				0F027CB824B56C500041A30B /* Frameworks */,
				0F027CB924B56C500041A30B /* Resources */,
			);
			buildRules = (
			);
			dependencies = (
				0F027CBD24B56C500041A30B /* PBXTargetDependency */,
			);
			name = AyayaUtilTestUITests;
			productName = AyayaUtilTestUITests;
			productReference = 0F027CBB24B56C500041A30B /* AyayaUtilTestUITests.xctest */;
			productType = "com.apple.product-type.bundle.ui-testing";
		};
		0FF021712419DD11002A6799 /* AyayaUtil */ = {
			isa = PBXNativeTarget;
			buildConfigurationList = 0FF021862419DD12002A6799 /* Build configuration list for PBXNativeTarget "AyayaUtil" */;
			buildPhases = (
				0FF0216D2419DD11002A6799 /* Headers */,
				0FF0216E2419DD11002A6799 /* Sources */,
				0FF0216F2419DD11002A6799 /* Frameworks */,
				0FF021702419DD11002A6799 /* Resources */,
			);
			buildRules = (
			);
			dependencies = (
			);
			name = AyayaUtil;
			productName = AyayaUtil;
			productReference = 0FF021722419DD11002A6799 /* AyayaUtil.framework */;
			productType = "com.apple.product-type.framework";
		};
		0FF0217A2419DD12002A6799 /* AyayaUtilTests */ = {
			isa = PBXNativeTarget;
			buildConfigurationList = 0FF021892419DD12002A6799 /* Build configuration list for PBXNativeTarget "AyayaUtilTests" */;
			buildPhases = (
				0FF021772419DD12002A6799 /* Sources */,
				0FF021782419DD12002A6799 /* Frameworks */,
				0FF021792419DD12002A6799 /* Resources */,
			);
			buildRules = (
			);
			dependencies = (
				0FF0217E2419DD12002A6799 /* PBXTargetDependency */,
			);
			name = AyayaUtilTests;
			productName = AyayaUtilTests;
			productReference = 0FF0217B2419DD12002A6799 /* AyayaUtilTests.xctest */;
			productType = "com.apple.product-type.bundle.unit-test";
		};
/* End PBXNativeTarget section */

/* Begin PBXProject section */
		0FF021692419DD11002A6799 /* Project object */ = {
			isa = PBXProject;
			attributes = {
				LastSwiftUpdateCheck = 1150;
				LastUpgradeCheck = 1130;
				ORGANIZATIONNAME = Ayaya;
				TargetAttributes = {
					0F027C9A24B56C4B0041A30B = {
						CreatedOnToolsVersion = 11.5;
					};
					0F027CAF24B56C500041A30B = {
						CreatedOnToolsVersion = 11.5;
						TestTargetID = 0F027C9A24B56C4B0041A30B;
					};
					0F027CBA24B56C500041A30B = {
						CreatedOnToolsVersion = 11.5;
						TestTargetID = 0F027C9A24B56C4B0041A30B;
					};
					0FF021712419DD11002A6799 = {
						CreatedOnToolsVersion = 11.3;
						LastSwiftMigration = 1130;
					};
					0FF0217A2419DD12002A6799 = {
						CreatedOnToolsVersion = 11.3;
					};
				};
			};
			buildConfigurationList = 0FF0216C2419DD11002A6799 /* Build configuration list for PBXProject "AyayaUtil" */;
			compatibilityVersion = "Xcode 9.3";
			developmentRegion = en;
			hasScannedForEncodings = 0;
			knownRegions = (
				en,
				Base,
			);
			mainGroup = 0FF021682419DD11002A6799;
			productRefGroup = 0FF021732419DD11002A6799 /* Products */;
			projectDirPath = "";
			projectRoot = "";
			targets = (
				0FF021712419DD11002A6799 /* AyayaUtil */,
				0FF0217A2419DD12002A6799 /* AyayaUtilTests */,
				0F027C9A24B56C4B0041A30B /* AyayaUtilTest */,
				0F027CAF24B56C500041A30B /* AyayaUtilTestTests */,
				0F027CBA24B56C500041A30B /* AyayaUtilTestUITests */,
			);
		};
/* End PBXProject section */

/* Begin PBXResourcesBuildPhase section */
		0F027C9924B56C4B0041A30B /* Resources */ = {
			isa = PBXResourcesBuildPhase;
			buildActionMask = 2147483647;
			files = (
				0F027CAA24B56C500041A30B /* LaunchScreen.storyboard in Resources */,
				0F027CA724B56C500041A30B /* Assets.xcassets in Resources */,
				0F027CA524B56C4B0041A30B /* Main.storyboard in Resources */,
			);
			runOnlyForDeploymentPostprocessing = 0;
		};
		0F027CAE24B56C500041A30B /* Resources */ = {
			isa = PBXResourcesBuildPhase;
			buildActionMask = 2147483647;
			files = (
			);
			runOnlyForDeploymentPostprocessing = 0;
		};
		0F027CB924B56C500041A30B /* Resources */ = {
			isa = PBXResourcesBuildPhase;
			buildActionMask = 2147483647;
			files = (
			);
			runOnlyForDeploymentPostprocessing = 0;
		};
		0FF021702419DD11002A6799 /* Resources */ = {
			isa = PBXResourcesBuildPhase;
			buildActionMask = 2147483647;
			files = (
			);
			runOnlyForDeploymentPostprocessing = 0;
		};
		0FF021792419DD12002A6799 /* Resources */ = {
			isa = PBXResourcesBuildPhase;
			buildActionMask = 2147483647;
			files = (
			);
			runOnlyForDeploymentPostprocessing = 0;
		};
/* End PBXResourcesBuildPhase section */

/* Begin PBXSourcesBuildPhase section */
		0F027C9724B56C4B0041A30B /* Sources */ = {
			isa = PBXSourcesBuildPhase;
			buildActionMask = 2147483647;
			files = (
				0F027CA224B56C4B0041A30B /* ViewController.swift in Sources */,
				0F027C9E24B56C4B0041A30B /* AppDelegate.swift in Sources */,
			);
			runOnlyForDeploymentPostprocessing = 0;
		};
		0F027CAC24B56C500041A30B /* Sources */ = {
			isa = PBXSourcesBuildPhase;
			buildActionMask = 2147483647;
			files = (
				0F027CB524B56C500041A30B /* AyayaUtilTestTests.swift in Sources */,
			);
			runOnlyForDeploymentPostprocessing = 0;
		};
		0F027CB724B56C500041A30B /* Sources */ = {
			isa = PBXSourcesBuildPhase;
			buildActionMask = 2147483647;
			files = (
				0F027CC024B56C510041A30B /* AyayaUtilTestUITests.swift in Sources */,
			);
			runOnlyForDeploymentPostprocessing = 0;
		};
		0FF0216E2419DD11002A6799 /* Sources */ = {
			isa = PBXSourcesBuildPhase;
			buildActionMask = 2147483647;
			files = (
				0FF021AF241A096A002A6799 /* NSDate+Extension.swift in Sources */,
				0FF021C4241A17E8002A6799 /* SwizzedProto.swift in Sources */,
				0FF021A9241A0765002A6799 /* UIView+Extension.swift in Sources */,
				0FF021B9241A0C54002A6799 /* FileUtil.swift in Sources */,
				0FF021CB241A1B17002A6799 /* ZHFCalendarView.swift in Sources */,
				0FF021BE241A15BD002A6799 /* MyLabel.swift in Sources */,
				0FF021C7241A187C002A6799 /* KeychainManager.swift in Sources */,
				0FF0219A2419E8ED002A6799 /* AlertUtil.swift in Sources */,
				0FF021972419E84B002A6799 /* SlideViewController.swift in Sources */,
				0FF021AC241A0857002A6799 /* NSObject+Extesion.swift in Sources */,
				0FF021CD241A1B17002A6799 /* UpDownView.swift in Sources */,
				0FF021BC241A1597002A6799 /* NSMutableDictionary+Extension.swift in Sources */,
				0FF021C1241A1732002A6799 /* UIButton+Extesion.swift in Sources */,
				0FF021A32419EAE2002A6799 /* MyTextFile.swift in Sources */,
				0FF021A62419EB2E002A6799 /* String+Extension.swift in Sources */,
				0FF021CC241A1B17002A6799 /* ZHFColor.swift in Sources */,
				0FF021A02419EA09002A6799 /* LAPolicyUtil.swift in Sources */,
			);
			runOnlyForDeploymentPostprocessing = 0;
		};
		0FF021772419DD12002A6799 /* Sources */ = {
			isa = PBXSourcesBuildPhase;
			buildActionMask = 2147483647;
			files = (
				0FF021812419DD12002A6799 /* AyayaUtilTests.swift in Sources */,
			);
			runOnlyForDeploymentPostprocessing = 0;
		};
/* End PBXSourcesBuildPhase section */

/* Begin PBXTargetDependency section */
		0F027CB224B56C500041A30B /* PBXTargetDependency */ = {
			isa = PBXTargetDependency;
			target = 0F027C9A24B56C4B0041A30B /* AyayaUtilTest */;
			targetProxy = 0F027CB124B56C500041A30B /* PBXContainerItemProxy */;
		};
		0F027CBD24B56C500041A30B /* PBXTargetDependency */ = {
			isa = PBXTargetDependency;
			target = 0F027C9A24B56C4B0041A30B /* AyayaUtilTest */;
			targetProxy = 0F027CBC24B56C500041A30B /* PBXContainerItemProxy */;
		};
		0F027CCF24B56CC40041A30B /* PBXTargetDependency */ = {
			isa = PBXTargetDependency;
			target = 0FF021712419DD11002A6799 /* AyayaUtil */;
			targetProxy = 0F027CCE24B56CC40041A30B /* PBXContainerItemProxy */;
		};
		0FF0217E2419DD12002A6799 /* PBXTargetDependency */ = {
			isa = PBXTargetDependency;
			target = 0FF021712419DD11002A6799 /* AyayaUtil */;
			targetProxy = 0FF0217D2419DD12002A6799 /* PBXContainerItemProxy */;
		};
/* End PBXTargetDependency section */

/* Begin PBXVariantGroup section */
		0F027CA324B56C4B0041A30B /* Main.storyboard */ = {
			isa = PBXVariantGroup;
			children = (
				0F027CA424B56C4B0041A30B /* Base */,
			);
			name = Main.storyboard;
			sourceTree = "<group>";
		};
		0F027CA824B56C500041A30B /* LaunchScreen.storyboard */ = {
			isa = PBXVariantGroup;
			children = (
				0F027CA924B56C500041A30B /* Base */,
			);
			name = LaunchScreen.storyboard;
			sourceTree = "<group>";
		};
/* End PBXVariantGroup section */

/* Begin XCBuildConfiguration section */
		0F027CC224B56C510041A30B /* Debug */ = {
			isa = XCBuildConfiguration;
			buildSettings = {
				ASSETCATALOG_COMPILER_APPICON_NAME = AppIcon;
				CODE_SIGN_STYLE = Automatic;
				DEVELOPMENT_TEAM = 75EYP2YGJW;
				INFOPLIST_FILE = AyayaUtilTest/Info.plist;
				IPHONEOS_DEPLOYMENT_TARGET = 10.0;
				LD_RUNPATH_SEARCH_PATHS = (
					"$(inherited)",
					"@executable_path/Frameworks",
				);
				PRODUCT_BUNDLE_IDENTIFIER = com.tjq.AyayaUtilTest;
				PRODUCT_NAME = "$(TARGET_NAME)";
				SWIFT_VERSION = 5.0;
				TARGETED_DEVICE_FAMILY = "1,2";
			};
			name = Debug;
		};
		0F027CC324B56C510041A30B /* Release */ = {
			isa = XCBuildConfiguration;
			buildSettings = {
				ASSETCATALOG_COMPILER_APPICON_NAME = AppIcon;
				CODE_SIGN_STYLE = Automatic;
				DEVELOPMENT_TEAM = 75EYP2YGJW;
				INFOPLIST_FILE = AyayaUtilTest/Info.plist;
				IPHONEOS_DEPLOYMENT_TARGET = 10.0;
				LD_RUNPATH_SEARCH_PATHS = (
					"$(inherited)",
					"@executable_path/Frameworks",
				);
				PRODUCT_BUNDLE_IDENTIFIER = com.tjq.AyayaUtilTest;
				PRODUCT_NAME = "$(TARGET_NAME)";
				SWIFT_VERSION = 5.0;
				TARGETED_DEVICE_FAMILY = "1,2";
			};
			name = Release;
		};
		0F027CC424B56C510041A30B /* Debug */ = {
			isa = XCBuildConfiguration;
			buildSettings = {
				ALWAYS_EMBED_SWIFT_STANDARD_LIBRARIES = YES;
				BUNDLE_LOADER = "$(TEST_HOST)";
				CODE_SIGN_STYLE = Automatic;
				DEVELOPMENT_TEAM = 75EYP2YGJW;
				INFOPLIST_FILE = AyayaUtilTestTests/Info.plist;
				IPHONEOS_DEPLOYMENT_TARGET = 13.5;
				LD_RUNPATH_SEARCH_PATHS = (
					"$(inherited)",
					"@executable_path/Frameworks",
					"@loader_path/Frameworks",
				);
				PRODUCT_BUNDLE_IDENTIFIER = com.tjq.AyayaUtilTestTests;
				PRODUCT_NAME = "$(TARGET_NAME)";
				SWIFT_VERSION = 5.0;
				TARGETED_DEVICE_FAMILY = "1,2";
				TEST_HOST = "$(BUILT_PRODUCTS_DIR)/AyayaUtilTest.app/AyayaUtilTest";
			};
			name = Debug;
		};
		0F027CC524B56C510041A30B /* Release */ = {
			isa = XCBuildConfiguration;
			buildSettings = {
				ALWAYS_EMBED_SWIFT_STANDARD_LIBRARIES = YES;
				BUNDLE_LOADER = "$(TEST_HOST)";
				CODE_SIGN_STYLE = Automatic;
				DEVELOPMENT_TEAM = 75EYP2YGJW;
				INFOPLIST_FILE = AyayaUtilTestTests/Info.plist;
				IPHONEOS_DEPLOYMENT_TARGET = 13.5;
				LD_RUNPATH_SEARCH_PATHS = (
					"$(inherited)",
					"@executable_path/Frameworks",
					"@loader_path/Frameworks",
				);
				PRODUCT_BUNDLE_IDENTIFIER = com.tjq.AyayaUtilTestTests;
				PRODUCT_NAME = "$(TARGET_NAME)";
				SWIFT_VERSION = 5.0;
				TARGETED_DEVICE_FAMILY = "1,2";
				TEST_HOST = "$(BUILT_PRODUCTS_DIR)/AyayaUtilTest.app/AyayaUtilTest";
			};
			name = Release;
		};
		0F027CC624B56C510041A30B /* Debug */ = {
			isa = XCBuildConfiguration;
			buildSettings = {
				ALWAYS_EMBED_SWIFT_STANDARD_LIBRARIES = YES;
				CODE_SIGN_STYLE = Automatic;
				DEVELOPMENT_TEAM = 75EYP2YGJW;
				INFOPLIST_FILE = AyayaUtilTestUITests/Info.plist;
				IPHONEOS_DEPLOYMENT_TARGET = 13.5;
				LD_RUNPATH_SEARCH_PATHS = (
					"$(inherited)",
					"@executable_path/Frameworks",
					"@loader_path/Frameworks",
				);
				PRODUCT_BUNDLE_IDENTIFIER = com.tjq.AyayaUtilTestUITests;
				PRODUCT_NAME = "$(TARGET_NAME)";
				SWIFT_VERSION = 5.0;
				TARGETED_DEVICE_FAMILY = "1,2";
				TEST_TARGET_NAME = AyayaUtilTest;
			};
			name = Debug;
		};
		0F027CC724B56C510041A30B /* Release */ = {
			isa = XCBuildConfiguration;
			buildSettings = {
				ALWAYS_EMBED_SWIFT_STANDARD_LIBRARIES = YES;
				CODE_SIGN_STYLE = Automatic;
				DEVELOPMENT_TEAM = 75EYP2YGJW;
				INFOPLIST_FILE = AyayaUtilTestUITests/Info.plist;
				IPHONEOS_DEPLOYMENT_TARGET = 13.5;
				LD_RUNPATH_SEARCH_PATHS = (
					"$(inherited)",
					"@executable_path/Frameworks",
					"@loader_path/Frameworks",
				);
				PRODUCT_BUNDLE_IDENTIFIER = com.tjq.AyayaUtilTestUITests;
				PRODUCT_NAME = "$(TARGET_NAME)";
				SWIFT_VERSION = 5.0;
				TARGETED_DEVICE_FAMILY = "1,2";
				TEST_TARGET_NAME = AyayaUtilTest;
			};
			name = Release;
		};
		0FF021842419DD12002A6799 /* Debug */ = {
			isa = XCBuildConfiguration;
			buildSettings = {
				ALWAYS_SEARCH_USER_PATHS = NO;
				CLANG_ANALYZER_NONNULL = YES;
				CLANG_ANALYZER_NUMBER_OBJECT_CONVERSION = YES_AGGRESSIVE;
				CLANG_CXX_LANGUAGE_STANDARD = "gnu++14";
				CLANG_CXX_LIBRARY = "libc++";
				CLANG_ENABLE_MODULES = YES;
				CLANG_ENABLE_OBJC_ARC = YES;
				CLANG_ENABLE_OBJC_WEAK = YES;
				CLANG_WARN_BLOCK_CAPTURE_AUTORELEASING = YES;
				CLANG_WARN_BOOL_CONVERSION = YES;
				CLANG_WARN_COMMA = YES;
				CLANG_WARN_CONSTANT_CONVERSION = YES;
				CLANG_WARN_DEPRECATED_OBJC_IMPLEMENTATIONS = YES;
				CLANG_WARN_DIRECT_OBJC_ISA_USAGE = YES_ERROR;
				CLANG_WARN_DOCUMENTATION_COMMENTS = YES;
				CLANG_WARN_EMPTY_BODY = YES;
				CLANG_WARN_ENUM_CONVERSION = YES;
				CLANG_WARN_INFINITE_RECURSION = YES;
				CLANG_WARN_INT_CONVERSION = YES;
				CLANG_WARN_NON_LITERAL_NULL_CONVERSION = YES;
				CLANG_WARN_OBJC_IMPLICIT_RETAIN_SELF = YES;
				CLANG_WARN_OBJC_LITERAL_CONVERSION = YES;
				CLANG_WARN_OBJC_ROOT_CLASS = YES_ERROR;
				CLANG_WARN_RANGE_LOOP_ANALYSIS = YES;
				CLANG_WARN_STRICT_PROTOTYPES = YES;
				CLANG_WARN_SUSPICIOUS_MOVE = YES;
				CLANG_WARN_UNGUARDED_AVAILABILITY = YES_AGGRESSIVE;
				CLANG_WARN_UNREACHABLE_CODE = YES;
				CLANG_WARN__DUPLICATE_METHOD_MATCH = YES;
				COPY_PHASE_STRIP = NO;
				CURRENT_PROJECT_VERSION = 1;
				DEBUG_INFORMATION_FORMAT = dwarf;
				ENABLE_STRICT_OBJC_MSGSEND = YES;
				ENABLE_TESTABILITY = YES;
				GCC_C_LANGUAGE_STANDARD = gnu11;
				GCC_DYNAMIC_NO_PIC = NO;
				GCC_NO_COMMON_BLOCKS = YES;
				GCC_OPTIMIZATION_LEVEL = 0;
				GCC_PREPROCESSOR_DEFINITIONS = (
					"DEBUG=1",
					"$(inherited)",
				);
				GCC_WARN_64_TO_32_BIT_CONVERSION = YES;
				GCC_WARN_ABOUT_RETURN_TYPE = YES_ERROR;
				GCC_WARN_UNDECLARED_SELECTOR = YES;
				GCC_WARN_UNINITIALIZED_AUTOS = YES_AGGRESSIVE;
				GCC_WARN_UNUSED_FUNCTION = YES;
				GCC_WARN_UNUSED_VARIABLE = YES;
				IPHONEOS_DEPLOYMENT_TARGET = 13.2;
				MTL_ENABLE_DEBUG_INFO = INCLUDE_SOURCE;
				MTL_FAST_MATH = YES;
				ONLY_ACTIVE_ARCH = YES;
				SDKROOT = iphoneos;
				SWIFT_ACTIVE_COMPILATION_CONDITIONS = DEBUG;
				SWIFT_OPTIMIZATION_LEVEL = "-Onone";
				VERSIONING_SYSTEM = "apple-generic";
				VERSION_INFO_PREFIX = "";
			};
			name = Debug;
		};
		0FF021852419DD12002A6799 /* Release */ = {
			isa = XCBuildConfiguration;
			buildSettings = {
				ALWAYS_SEARCH_USER_PATHS = NO;
				CLANG_ANALYZER_NONNULL = YES;
				CLANG_ANALYZER_NUMBER_OBJECT_CONVERSION = YES_AGGRESSIVE;
				CLANG_CXX_LANGUAGE_STANDARD = "gnu++14";
				CLANG_CXX_LIBRARY = "libc++";
				CLANG_ENABLE_MODULES = YES;
				CLANG_ENABLE_OBJC_ARC = YES;
				CLANG_ENABLE_OBJC_WEAK = YES;
				CLANG_WARN_BLOCK_CAPTURE_AUTORELEASING = YES;
				CLANG_WARN_BOOL_CONVERSION = YES;
				CLANG_WARN_COMMA = YES;
				CLANG_WARN_CONSTANT_CONVERSION = YES;
				CLANG_WARN_DEPRECATED_OBJC_IMPLEMENTATIONS = YES;
				CLANG_WARN_DIRECT_OBJC_ISA_USAGE = YES_ERROR;
				CLANG_WARN_DOCUMENTATION_COMMENTS = YES;
				CLANG_WARN_EMPTY_BODY = YES;
				CLANG_WARN_ENUM_CONVERSION = YES;
				CLANG_WARN_INFINITE_RECURSION = YES;
				CLANG_WARN_INT_CONVERSION = YES;
				CLANG_WARN_NON_LITERAL_NULL_CONVERSION = YES;
				CLANG_WARN_OBJC_IMPLICIT_RETAIN_SELF = YES;
				CLANG_WARN_OBJC_LITERAL_CONVERSION = YES;
				CLANG_WARN_OBJC_ROOT_CLASS = YES_ERROR;
				CLANG_WARN_RANGE_LOOP_ANALYSIS = YES;
				CLANG_WARN_STRICT_PROTOTYPES = YES;
				CLANG_WARN_SUSPICIOUS_MOVE = YES;
				CLANG_WARN_UNGUARDED_AVAILABILITY = YES_AGGRESSIVE;
				CLANG_WARN_UNREACHABLE_CODE = YES;
				CLANG_WARN__DUPLICATE_METHOD_MATCH = YES;
				COPY_PHASE_STRIP = NO;
				CURRENT_PROJECT_VERSION = 1;
				DEBUG_INFORMATION_FORMAT = "dwarf-with-dsym";
				ENABLE_NS_ASSERTIONS = NO;
				ENABLE_STRICT_OBJC_MSGSEND = YES;
				GCC_C_LANGUAGE_STANDARD = gnu11;
				GCC_NO_COMMON_BLOCKS = YES;
				GCC_WARN_64_TO_32_BIT_CONVERSION = YES;
				GCC_WARN_ABOUT_RETURN_TYPE = YES_ERROR;
				GCC_WARN_UNDECLARED_SELECTOR = YES;
				GCC_WARN_UNINITIALIZED_AUTOS = YES_AGGRESSIVE;
				GCC_WARN_UNUSED_FUNCTION = YES;
				GCC_WARN_UNUSED_VARIABLE = YES;
				IPHONEOS_DEPLOYMENT_TARGET = 13.2;
				MTL_ENABLE_DEBUG_INFO = NO;
				MTL_FAST_MATH = YES;
				SDKROOT = iphoneos;
				SWIFT_COMPILATION_MODE = wholemodule;
				SWIFT_OPTIMIZATION_LEVEL = "-O";
				VALIDATE_PRODUCT = YES;
				VERSIONING_SYSTEM = "apple-generic";
				VERSION_INFO_PREFIX = "";
			};
			name = Release;
		};
		0FF021872419DD12002A6799 /* Debug */ = {
			isa = XCBuildConfiguration;
			buildSettings = {
				CLANG_ENABLE_MODULES = YES;
				CODE_SIGN_STYLE = Automatic;
				DEFINES_MODULE = YES;
				DEVELOPMENT_TEAM = 75EYP2YGJW;
				DYLIB_COMPATIBILITY_VERSION = 1;
				DYLIB_CURRENT_VERSION = 1;
				DYLIB_INSTALL_NAME_BASE = "@rpath";
				INFOPLIST_FILE = AyayaUtil/Info.plist;
				INSTALL_PATH = "$(LOCAL_LIBRARY_DIR)/Frameworks";
				IPHONEOS_DEPLOYMENT_TARGET = 9.0;
				LD_RUNPATH_SEARCH_PATHS = (
					"$(inherited)",
					"@executable_path/Frameworks",
					"@loader_path/Frameworks",
				);
				PRODUCT_BUNDLE_IDENTIFIER = starryMedia.AyayaUtil;
				PRODUCT_NAME = "$(TARGET_NAME:c99extidentifier)";
				SKIP_INSTALL = YES;
				SWIFT_OPTIMIZATION_LEVEL = "-Onone";
				SWIFT_VERSION = 5.0;
				TARGETED_DEVICE_FAMILY = "1,2";
			};
			name = Debug;
		};
		0FF021882419DD12002A6799 /* Release */ = {
			isa = XCBuildConfiguration;
			buildSettings = {
				CLANG_ENABLE_MODULES = YES;
				CODE_SIGN_STYLE = Automatic;
				DEFINES_MODULE = YES;
				DEVELOPMENT_TEAM = 75EYP2YGJW;
				DYLIB_COMPATIBILITY_VERSION = 1;
				DYLIB_CURRENT_VERSION = 1;
				DYLIB_INSTALL_NAME_BASE = "@rpath";
				INFOPLIST_FILE = AyayaUtil/Info.plist;
				INSTALL_PATH = "$(LOCAL_LIBRARY_DIR)/Frameworks";
				IPHONEOS_DEPLOYMENT_TARGET = 9.0;
				LD_RUNPATH_SEARCH_PATHS = (
					"$(inherited)",
					"@executable_path/Frameworks",
					"@loader_path/Frameworks",
				);
				PRODUCT_BUNDLE_IDENTIFIER = starryMedia.AyayaUtil;
				PRODUCT_NAME = "$(TARGET_NAME:c99extidentifier)";
				SKIP_INSTALL = YES;
				SWIFT_VERSION = 5.0;
				TARGETED_DEVICE_FAMILY = "1,2";
			};
			name = Release;
		};
		0FF0218A2419DD12002A6799 /* Debug */ = {
			isa = XCBuildConfiguration;
			buildSettings = {
				ALWAYS_EMBED_SWIFT_STANDARD_LIBRARIES = YES;
				CODE_SIGN_STYLE = Automatic;
				DEVELOPMENT_TEAM = 75EYP2YGJW;
				INFOPLIST_FILE = AyayaUtilTests/Info.plist;
				LD_RUNPATH_SEARCH_PATHS = (
					"$(inherited)",
					"@executable_path/Frameworks",
					"@loader_path/Frameworks",
				);
				PRODUCT_BUNDLE_IDENTIFIER = starryMedia.AyayaUtilTests;
				PRODUCT_NAME = "$(TARGET_NAME)";
				SWIFT_VERSION = 5.0;
				TARGETED_DEVICE_FAMILY = "1,2";
			};
			name = Debug;
		};
		0FF0218B2419DD12002A6799 /* Release */ = {
			isa = XCBuildConfiguration;
			buildSettings = {
				ALWAYS_EMBED_SWIFT_STANDARD_LIBRARIES = YES;
				CODE_SIGN_STYLE = Automatic;
				DEVELOPMENT_TEAM = 75EYP2YGJW;
				INFOPLIST_FILE = AyayaUtilTests/Info.plist;
				LD_RUNPATH_SEARCH_PATHS = (
					"$(inherited)",
					"@executable_path/Frameworks",
					"@loader_path/Frameworks",
				);
				PRODUCT_BUNDLE_IDENTIFIER = starryMedia.AyayaUtilTests;
				PRODUCT_NAME = "$(TARGET_NAME)";
				SWIFT_VERSION = 5.0;
				TARGETED_DEVICE_FAMILY = "1,2";
			};
			name = Release;
		};
/* End XCBuildConfiguration section */

/* Begin XCConfigurationList section */
		0F027CC824B56C510041A30B /* Build configuration list for PBXNativeTarget "AyayaUtilTest" */ = {
			isa = XCConfigurationList;
			buildConfigurations = (
				0F027CC224B56C510041A30B /* Debug */,
				0F027CC324B56C510041A30B /* Release */,
			);
			defaultConfigurationIsVisible = 0;
			defaultConfigurationName = Release;
		};
		0F027CC924B56C510041A30B /* Build configuration list for PBXNativeTarget "AyayaUtilTestTests" */ = {
			isa = XCConfigurationList;
			buildConfigurations = (
				0F027CC424B56C510041A30B /* Debug */,
				0F027CC524B56C510041A30B /* Release */,
			);
			defaultConfigurationIsVisible = 0;
			defaultConfigurationName = Release;
		};
		0F027CCA24B56C510041A30B /* Build configuration list for PBXNativeTarget "AyayaUtilTestUITests" */ = {
			isa = XCConfigurationList;
			buildConfigurations = (
				0F027CC624B56C510041A30B /* Debug */,
				0F027CC724B56C510041A30B /* Release */,
			);
			defaultConfigurationIsVisible = 0;
			defaultConfigurationName = Release;
		};
		0FF0216C2419DD11002A6799 /* Build configuration list for PBXProject "AyayaUtil" */ = {
			isa = XCConfigurationList;
			buildConfigurations = (
				0FF021842419DD12002A6799 /* Debug */,
				0FF021852419DD12002A6799 /* Release */,
			);
			defaultConfigurationIsVisible = 0;
			defaultConfigurationName = Release;
		};
		0FF021862419DD12002A6799 /* Build configuration list for PBXNativeTarget "AyayaUtil" */ = {
			isa = XCConfigurationList;
			buildConfigurations = (
				0FF021872419DD12002A6799 /* Debug */,
				0FF021882419DD12002A6799 /* Release */,
			);
			defaultConfigurationIsVisible = 0;
			defaultConfigurationName = Release;
		};
		0FF021892419DD12002A6799 /* Build configuration list for PBXNativeTarget "AyayaUtilTests" */ = {
			isa = XCConfigurationList;
			buildConfigurations = (
				0FF0218A2419DD12002A6799 /* Debug */,
				0FF0218B2419DD12002A6799 /* Release */,
			);
			defaultConfigurationIsVisible = 0;
			defaultConfigurationName = Release;
		};
/* End XCConfigurationList section */
	};
	rootObject = 0FF021692419DD11002A6799 /* Project object */;
}
